
Microsoft Visual Studio Solution File, Format Version 12.00
# Visual Studio Version 17
VisualStudioVersion = 17.11.35222.181
MinimumVisualStudioVersion = 10.0.40219.1
Project("{FAE04EC0-301F-11D3-BF4B-00C04F79EFBC}") = "Eljárások", "Eljárások.csproj", "{8240F46B-1FE4-41B1-B35A-385F782A989C}"
EndProject
Global
	GlobalSection(SolutionConfigurationPlatforms) = preSolution
		Debug|Any CPU = Debug|Any CPU
		Release|Any CPU = Release|Any CPU
	EndGlobalSection
	GlobalSection(ProjectConfigurationPlatforms) = postSolution
		{8240F46B-1FE4-41B1-B35A-385F782A989C}.Debug|Any CPU.ActiveCfg = Debug|Any CPU
		{8240F46B-1FE4-41B1-B35A-385F782A989C}.Debug|Any CPU.Build.0 = Debug|Any CPU
		{8240F46B-1FE4-41B1-B35A-385F782A989C}.Release|Any CPU.ActiveCfg = Release|Any CPU
		{8240F46B-1FE4-41B1-B35A-385F782A989C}.Release|Any CPU.Build.0 = Release|Any CPU
	EndGlobalSection
	GlobalSection(SolutionProperties) = preSolution
		HideSolutionNode = FALSE
	EndGlobalSection
	GlobalSection(ExtensibilityGlobals) = postSolution
		SolutionGuid = {2EEFB438-C744-40D3-B6D5-2FC59EBED9CD}
	EndGlobalSection
EndGlobal
