
Microsoft Visual Studio Solution File, Format Version 12.00
# Visual Studio Version 17
VisualStudioVersion = 17.11.35222.181
MinimumVisualStudioVersion = 10.0.40219.1
Project("{FAE04EC0-301F-11D3-BF4B-00C04F79EFBC}") = "halmazok", "halmazok.csproj", "{266AFFC7-974E-4B5B-BD5F-64A707A7756C}"
EndProject
Global
	GlobalSection(SolutionConfigurationPlatforms) = preSolution
		Debug|Any CPU = Debug|Any CPU
		Release|Any CPU = Release|Any CPU
	EndGlobalSection
	GlobalSection(ProjectConfigurationPlatforms) = postSolution
		{266AFFC7-974E-4B5B-BD5F-64A707A7756C}.Debug|Any CPU.ActiveCfg = Debug|Any CPU
		{266AFFC7-974E-4B5B-BD5F-64A707A7756C}.Debug|Any CPU.Build.0 = Debug|Any CPU
		{266AFFC7-974E-4B5B-BD5F-64A707A7756C}.Release|Any CPU.ActiveCfg = Release|Any CPU
		{266AFFC7-974E-4B5B-BD5F-64A707A7756C}.Release|Any CPU.Build.0 = Release|Any CPU
	EndGlobalSection
	GlobalSection(SolutionProperties) = preSolution
		HideSolutionNode = FALSE
	EndGlobalSection
	GlobalSection(ExtensibilityGlobals) = postSolution
		SolutionGuid = {C85F4F35-B0C8-46AC-AC94-023F7E517645}
	EndGlobalSection
EndGlobal
