
Microsoft Visual Studio Solution File, Format Version 12.00
# Visual Studio Version 17
VisualStudioVersion = 17.11.35222.181
MinimumVisualStudioVersion = 10.0.40219.1
Project("{FAE04EC0-301F-11D3-BF4B-00C04F79EFBC}") = "szokoev", "szokoev.csproj", "{09188D7E-AB67-4EFE-830B-36289BA60FB1}"
EndProject
Global
	GlobalSection(SolutionConfigurationPlatforms) = preSolution
		Debug|Any CPU = Debug|Any CPU
		Release|Any CPU = Release|Any CPU
	EndGlobalSection
	GlobalSection(ProjectConfigurationPlatforms) = postSolution
		{09188D7E-AB67-4EFE-830B-36289BA60FB1}.Debug|Any CPU.ActiveCfg = Debug|Any CPU
		{09188D7E-AB67-4EFE-830B-36289BA60FB1}.Debug|Any CPU.Build.0 = Debug|Any CPU
		{09188D7E-AB67-4EFE-830B-36289BA60FB1}.Release|Any CPU.ActiveCfg = Release|Any CPU
		{09188D7E-AB67-4EFE-830B-36289BA60FB1}.Release|Any CPU.Build.0 = Release|Any CPU
	EndGlobalSection
	GlobalSection(SolutionProperties) = preSolution
		HideSolutionNode = FALSE
	EndGlobalSection
	GlobalSection(ExtensibilityGlobals) = postSolution
		SolutionGuid = {44E16327-676D-4A29-A812-9CA1B2D5FA3B}
	EndGlobalSection
EndGlobal
