
Microsoft Visual Studio Solution File, Format Version 12.00
# Visual Studio Version 17
VisualStudioVersion = 17.11.35222.181
MinimumVisualStudioVersion = 10.0.40219.1
Project("{FAE04EC0-301F-11D3-BF4B-00C04F79EFBC}") = "HaromKocka", "HaromKocka.csproj", "{968202B1-D69D-4B4B-B0CD-75284139B890}"
EndProject
Global
	GlobalSection(SolutionConfigurationPlatforms) = preSolution
		Debug|Any CPU = Debug|Any CPU
		Release|Any CPU = Release|Any CPU
	EndGlobalSection
	GlobalSection(ProjectConfigurationPlatforms) = postSolution
		{968202B1-D69D-4B4B-B0CD-75284139B890}.Debug|Any CPU.ActiveCfg = Debug|Any CPU
		{968202B1-D69D-4B4B-B0CD-75284139B890}.Debug|Any CPU.Build.0 = Debug|Any CPU
		{968202B1-D69D-4B4B-B0CD-75284139B890}.Release|Any CPU.ActiveCfg = Release|Any CPU
		{968202B1-D69D-4B4B-B0CD-75284139B890}.Release|Any CPU.Build.0 = Release|Any CPU
	EndGlobalSection
	GlobalSection(SolutionProperties) = preSolution
		HideSolutionNode = FALSE
	EndGlobalSection
	GlobalSection(ExtensibilityGlobals) = postSolution
		SolutionGuid = {B1671260-16F3-40AE-96B5-98ED6DC5B4F8}
	EndGlobalSection
EndGlobal
