
Microsoft Visual Studio Solution File, Format Version 12.00
# Visual Studio Version 17
VisualStudioVersion = 17.11.35222.181
MinimumVisualStudioVersion = 10.0.40219.1
Project("{FAE04EC0-301F-11D3-BF4B-00C04F79EFBC}") = "homerseklet", "homerseklet.csproj", "{91B6DFA4-E949-4B88-AD95-A735274CEEC5}"
EndProject
Global
	GlobalSection(SolutionConfigurationPlatforms) = preSolution
		Debug|Any CPU = Debug|Any CPU
		Release|Any CPU = Release|Any CPU
	EndGlobalSection
	GlobalSection(ProjectConfigurationPlatforms) = postSolution
		{91B6DFA4-E949-4B88-AD95-A735274CEEC5}.Debug|Any CPU.ActiveCfg = Debug|Any CPU
		{91B6DFA4-E949-4B88-AD95-A735274CEEC5}.Debug|Any CPU.Build.0 = Debug|Any CPU
		{91B6DFA4-E949-4B88-AD95-A735274CEEC5}.Release|Any CPU.ActiveCfg = Release|Any CPU
		{91B6DFA4-E949-4B88-AD95-A735274CEEC5}.Release|Any CPU.Build.0 = Release|Any CPU
	EndGlobalSection
	GlobalSection(SolutionProperties) = preSolution
		HideSolutionNode = FALSE
	EndGlobalSection
	GlobalSection(ExtensibilityGlobals) = postSolution
		SolutionGuid = {1C82B0D3-3133-4D4D-B8C4-98534531BC0F}
	EndGlobalSection
EndGlobal
