
Microsoft Visual Studio Solution File, Format Version 12.00
# Visual Studio Version 17
VisualStudioVersion = 17.11.35222.181
MinimumVisualStudioVersion = 10.0.40219.1
Project("{FAE04EC0-301F-11D3-BF4B-00C04F79EFBC}") = "osztók", "osztók.csproj", "{E8F69C67-99A5-4689-AD43-1A822632C2CA}"
EndProject
Global
	GlobalSection(SolutionConfigurationPlatforms) = preSolution
		Debug|Any CPU = Debug|Any CPU
		Release|Any CPU = Release|Any CPU
	EndGlobalSection
	GlobalSection(ProjectConfigurationPlatforms) = postSolution
		{E8F69C67-99A5-4689-AD43-1A822632C2CA}.Debug|Any CPU.ActiveCfg = Debug|Any CPU
		{E8F69C67-99A5-4689-AD43-1A822632C2CA}.Debug|Any CPU.Build.0 = Debug|Any CPU
		{E8F69C67-99A5-4689-AD43-1A822632C2CA}.Release|Any CPU.ActiveCfg = Release|Any CPU
		{E8F69C67-99A5-4689-AD43-1A822632C2CA}.Release|Any CPU.Build.0 = Release|Any CPU
	EndGlobalSection
	GlobalSection(SolutionProperties) = preSolution
		HideSolutionNode = FALSE
	EndGlobalSection
	GlobalSection(ExtensibilityGlobals) = postSolution
		SolutionGuid = {875FC1C1-A67F-4018-93C3-62A08B2238F9}
	EndGlobalSection
EndGlobal
