
Microsoft Visual Studio Solution File, Format Version 12.00
# Visual Studio Version 16
VisualStudioVersion = 16.0.31613.86
MinimumVisualStudioVersion = 10.0.40219.1
Project("{FAE04EC0-301F-11D3-BF4B-00C04F79EFBC}") = "gyumolcsok", "gyumolcsok.csproj", "{9CD5DEAB-168E-46B1-9620-63781A8FD56B}"
EndProject
Global
	GlobalSection(SolutionConfigurationPlatforms) = preSolution
		Debug|Any CPU = Debug|Any CPU
		Release|Any CPU = Release|Any CPU
	EndGlobalSection
	GlobalSection(ProjectConfigurationPlatforms) = postSolution
		{9CD5DEAB-168E-46B1-9620-63781A8FD56B}.Debug|Any CPU.ActiveCfg = Debug|Any CPU
		{9CD5DEAB-168E-46B1-9620-63781A8FD56B}.Debug|Any CPU.Build.0 = Debug|Any CPU
		{9CD5DEAB-168E-46B1-9620-63781A8FD56B}.Release|Any CPU.ActiveCfg = Release|Any CPU
		{9CD5DEAB-168E-46B1-9620-63781A8FD56B}.Release|Any CPU.Build.0 = Release|Any CPU
	EndGlobalSection
	GlobalSection(SolutionProperties) = preSolution
		HideSolutionNode = FALSE
	EndGlobalSection
	GlobalSection(ExtensibilityGlobals) = postSolution
		SolutionGuid = {1915AD63-A450-496B-8F87-FC137CFE96BE}
	EndGlobalSection
EndGlobal
