
Microsoft Visual Studio Solution File, Format Version 12.00
# Visual Studio Version 17
VisualStudioVersion = 17.11.35222.181
MinimumVisualStudioVersion = 10.0.40219.1
Project("{FAE04EC0-301F-11D3-BF4B-00C04F79EFBC}") = "érmedobás", "érmedobás.csproj", "{79F81180-F9BF-416E-B7BC-3049B1883795}"
EndProject
Global
	GlobalSection(SolutionConfigurationPlatforms) = preSolution
		Debug|Any CPU = Debug|Any CPU
		Release|Any CPU = Release|Any CPU
	EndGlobalSection
	GlobalSection(ProjectConfigurationPlatforms) = postSolution
		{79F81180-F9BF-416E-B7BC-3049B1883795}.Debug|Any CPU.ActiveCfg = Debug|Any CPU
		{79F81180-F9BF-416E-B7BC-3049B1883795}.Debug|Any CPU.Build.0 = Debug|Any CPU
		{79F81180-F9BF-416E-B7BC-3049B1883795}.Release|Any CPU.ActiveCfg = Release|Any CPU
		{79F81180-F9BF-416E-B7BC-3049B1883795}.Release|Any CPU.Build.0 = Release|Any CPU
	EndGlobalSection
	GlobalSection(SolutionProperties) = preSolution
		HideSolutionNode = FALSE
	EndGlobalSection
	GlobalSection(ExtensibilityGlobals) = postSolution
		SolutionGuid = {56994A0E-71A0-4C34-BC91-C6731146DF5C}
	EndGlobalSection
EndGlobal
